
Microsoft Visual Studio Solution File, Format Version 12.00
# Visual Studio Version 16
VisualStudioVersion = 16.0.30320.27
MinimumVisualStudioVersion = 10.0.40219.1
Project("{FAE04EC0-301F-11D3-BF4B-00C04F79EFBC}") = "FinancialPortal", "FinancialPortal\FinancialPortal.csproj", "{0F2D7800-300F-48F0-862C-B5D97B503E24}"
EndProject
Global
	GlobalSection(SolutionConfigurationPlatforms) = preSolution
		Debug|Any CPU = Debug|Any CPU
		Release|Any CPU = Release|Any CPU
	EndGlobalSection
	GlobalSection(ProjectConfigurationPlatforms) = postSolution
		{0F2D7800-300F-48F0-862C-B5D97B503E24}.Debug|Any CPU.ActiveCfg = Debug|Any CPU
		{0F2D7800-300F-48F0-862C-B5D97B503E24}.Debug|Any CPU.Build.0 = Debug|Any CPU
		{0F2D7800-300F-48F0-862C-B5D97B503E24}.Release|Any CPU.ActiveCfg = Release|Any CPU
		{0F2D7800-300F-48F0-862C-B5D97B503E24}.Release|Any CPU.Build.0 = Release|Any CPU
	EndGlobalSection
	GlobalSection(SolutionProperties) = preSolution
		HideSolutionNode = FALSE
	EndGlobalSection
	GlobalSection(ExtensibilityGlobals) = postSolution
		SolutionGuid = {0E2A32D8-C9F4-45A8-A306-5CDF00641963}
	EndGlobalSection
EndGlobal
